// !$*UTF8*$!
{
	archiveVersion = 1;
	classes = {
	};
	objectVersion = 46;
	objects = {

/* Begin PBXBuildFile section */
		3215265319C91278005E3125 /* AppDelegate.swift in Sources */ = {isa = PBXBuildFile; fileRef = 3215265219C91278005E3125 /* AppDelegate.swift */; };
		3215265519C91278005E3125 /* ViewController.swift in Sources */ = {isa = PBXBuildFile; fileRef = 3215265419C91278005E3125 /* ViewController.swift */; };
		3215265819C91278005E3125 /* Main.storyboard in Resources */ = {isa = PBXBuildFile; fileRef = 3215265619C91278005E3125 /* Main.storyboard */; };
		3215265A19C91278005E3125 /* Images.xcassets in Resources */ = {isa = PBXBuildFile; fileRef = 3215265919C91278005E3125 /* Images.xcassets */; };
		3215266619C91278005E3125 /* MailboxTests.swift in Sources */ = {isa = PBXBuildFile; fileRef = 3215266519C91278005E3125 /* MailboxTests.swift */; };
		3240D10319CF624D00134DF1 /* MailboxViewController.swift in Sources */ = {isa = PBXBuildFile; fileRef = 3240D10219CF624D00134DF1 /* MailboxViewController.swift */; };
		3240D10519CFD40D00134DF1 /* RescheduleViewController.swift in Sources */ = {isa = PBXBuildFile; fileRef = 3240D10419CFD40D00134DF1 /* RescheduleViewController.swift */; };
		3240D10719CFE38600134DF1 /* ListViewController.swift in Sources */ = {isa = PBXBuildFile; fileRef = 3240D10619CFE38600134DF1 /* ListViewController.swift */; };
/* End PBXBuildFile section */

/* Begin PBXContainerItemProxy section */
		3215266019C91278005E3125 /* PBXContainerItemProxy */ = {
			isa = PBXContainerItemProxy;
			containerPortal = 3215264519C91278005E3125 /* Project object */;
			proxyType = 1;
			remoteGlobalIDString = 3215264C19C91278005E3125;
			remoteInfo = Mailbox;
		};
/* End PBXContainerItemProxy section */

/* Begin PBXFileReference section */
		3215264D19C91278005E3125 /* Mailbox.app */ = {isa = PBXFileReference; explicitFileType = wrapper.application; includeInIndex = 0; path = Mailbox.app; sourceTree = BUILT_PRODUCTS_DIR; };
		3215265119C91278005E3125 /* Info.plist */ = {isa = PBXFileReference; lastKnownFileType = text.plist.xml; path = Info.plist; sourceTree = "<group>"; };
		3215265219C91278005E3125 /* AppDelegate.swift */ = {isa = PBXFileReference; lastKnownFileType = sourcecode.swift; path = AppDelegate.swift; sourceTree = "<group>"; };
		3215265419C91278005E3125 /* ViewController.swift */ = {isa = PBXFileReference; lastKnownFileType = sourcecode.swift; path = ViewController.swift; sourceTree = "<group>"; };
		3215265719C91278005E3125 /* Base */ = {isa = PBXFileReference; lastKnownFileType = file.storyboard; name = Base; path = Base.lproj/Main.storyboard; sourceTree = "<group>"; };
		3215265919C91278005E3125 /* Images.xcassets */ = {isa = PBXFileReference; lastKnownFileType = folder.assetcatalog; path = Images.xcassets; sourceTree = "<group>"; };
		3215265F19C91278005E3125 /* MailboxTests.xctest */ = {isa = PBXFileReference; explicitFileType = wrapper.cfbundle; includeInIndex = 0; path = MailboxTests.xctest; sourceTree = BUILT_PRODUCTS_DIR; };
		3215266419C91278005E3125 /* Info.plist */ = {isa = PBXFileReference; lastKnownFileType = text.plist.xml; path = Info.plist; sourceTree = "<group>"; };
		3215266519C91278005E3125 /* MailboxTests.swift */ = {isa = PBXFileReference; lastKnownFileType = sourcecode.swift; path = MailboxTests.swift; sourceTree = "<group>"; };
		3240D10219CF624D00134DF1 /* MailboxViewController.swift */ = {isa = PBXFileReference; fileEncoding = 4; lastKnownFileType = sourcecode.swift; path = MailboxViewController.swift; sourceTree = "<group>"; };
		3240D10419CFD40D00134DF1 /* RescheduleViewController.swift */ = {isa = PBXFileReference; fileEncoding = 4; lastKnownFileType = sourcecode.swift; path = RescheduleViewController.swift; sourceTree = "<group>"; };
		3240D10619CFE38600134DF1 /* ListViewController.swift */ = {isa = PBXFileReference; fileEncoding = 4; lastKnownFileType = sourcecode.swift; path = ListViewController.swift; sourceTree = "<group>"; };
/* End PBXFileReference section */

/* Begin PBXFrameworksBuildPhase section */
		3215264A19C91278005E3125 /* Frameworks */ = {
			isa = PBXFrameworksBuildPhase;
			buildActionMask = 2147483647;
			files = (
			);
			runOnlyForDeploymentPostprocessing = 0;
		};
		3215265C19C91278005E3125 /* Frameworks */ = {
			isa = PBXFrameworksBuildPhase;
			buildActionMask = 2147483647;
			files = (
			);
			runOnlyForDeploymentPostprocessing = 0;
		};
/* End PBXFrameworksBuildPhase section */

/* Begin PBXGroup section */
		3215264419C91278005E3125 = {
			isa = PBXGroup;
			children = (
				3215264F19C91278005E3125 /* Mailbox */,
				3215266219C91278005E3125 /* MailboxTests */,
				3215264E19C91278005E3125 /* Products */,
			);
			sourceTree = "<group>";
		};
		3215264E19C91278005E3125 /* Products */ = {
			isa = PBXGroup;
			children = (
				3215264D19C91278005E3125 /* Mailbox.app */,
				3215265F19C91278005E3125 /* MailboxTests.xctest */,
			);
			name = Products;
			sourceTree = "<group>";
		};
		3215264F19C91278005E3125 /* Mailbox */ = {
			isa = PBXGroup;
			children = (
				3215265219C91278005E3125 /* AppDelegate.swift */,
				3215265419C91278005E3125 /* ViewController.swift */,
				3215265619C91278005E3125 /* Main.storyboard */,
				3240D10619CFE38600134DF1 /* ListViewController.swift */,
				3240D10419CFD40D00134DF1 /* RescheduleViewController.swift */,
				3240D10219CF624D00134DF1 /* MailboxViewController.swift */,
				3215265919C91278005E3125 /* Images.xcassets */,
				3215265019C91278005E3125 /* Supporting Files */,
			);
			path = Mailbox;
			sourceTree = "<group>";
		};
		3215265019C91278005E3125 /* Supporting Files */ = {
			isa = PBXGroup;
			children = (
				3215265119C91278005E3125 /* Info.plist */,
			);
			name = "Supporting Files";
			sourceTree = "<group>";
		};
		3215266219C91278005E3125 /* MailboxTests */ = {
			isa = PBXGroup;
			children = (
				3215266519C91278005E3125 /* MailboxTests.swift */,
				3215266319C91278005E3125 /* Supporting Files */,
			);
			path = MailboxTests;
			sourceTree = "<group>";
		};
		3215266319C91278005E3125 /* Supporting Files */ = {
			isa = PBXGroup;
			children = (
				3215266419C91278005E3125 /* Info.plist */,
			);
			name = "Supporting Files";
			sourceTree = "<group>";
		};
/* End PBXGroup section */

/* Begin PBXNativeTarget section */
		3215264C19C91278005E3125 /* Mailbox */ = {
			isa = PBXNativeTarget;
			buildConfigurationList = 3215266919C91278005E3125 /* Build configuration list for PBXNativeTarget "Mailbox" */;
			buildPhases = (
				3215264919C91278005E3125 /* Sources */,
				3215264A19C91278005E3125 /* Frameworks */,
				3215264B19C91278005E3125 /* Resources */,
			);
			buildRules = (
			);
			dependencies = (
			);
			name = Mailbox;
			productName = Mailbox;
			productReference = 3215264D19C91278005E3125 /* Mailbox.app */;
			productType = "com.apple.product-type.application";
		};
		3215265E19C91278005E3125 /* MailboxTests */ = {
			isa = PBXNativeTarget;
			buildConfigurationList = 3215266C19C91278005E3125 /* Build configuration list for PBXNativeTarget "MailboxTests" */;
			buildPhases = (
				3215265B19C91278005E3125 /* Sources */,
				3215265C19C91278005E3125 /* Frameworks */,
				3215265D19C91278005E3125 /* Resources */,
			);
			buildRules = (
			);
			dependencies = (
				3215266119C91278005E3125 /* PBXTargetDependency */,
			);
			name = MailboxTests;
			productName = MailboxTests;
			productReference = 3215265F19C91278005E3125 /* MailboxTests.xctest */;
			productType = "com.apple.product-type.bundle.unit-test";
		};
/* End PBXNativeTarget section */

/* Begin PBXProject section */
		3215264519C91278005E3125 /* Project object */ = {
			isa = PBXProject;
			attributes = {
				LastUpgradeCheck = 0600;
				ORGANIZATIONNAME = "Vasudhara Kantroo";
				TargetAttributes = {
					3215264C19C91278005E3125 = {
						CreatedOnToolsVersion = 6.0;
					};
					3215265E19C91278005E3125 = {
						CreatedOnToolsVersion = 6.0;
						TestTargetID = 3215264C19C91278005E3125;
					};
				};
			};
			buildConfigurationList = 3215264819C91278005E3125 /* Build configuration list for PBXProject "Mailbox" */;
			compatibilityVersion = "Xcode 3.2";
			developmentRegion = English;
			hasScannedForEncodings = 0;
			knownRegions = (
				en,
				Base,
			);
			mainGroup = 3215264419C91278005E3125;
			productRefGroup = 3215264E19C91278005E3125 /* Products */;
			projectDirPath = "";
			projectRoot = "";
			targets = (
				3215264C19C91278005E3125 /* Mailbox */,
				3215265E19C91278005E3125 /* MailboxTests */,
			);
		};
/* End PBXProject section */

/* Begin PBXResourcesBuildPhase section */
		3215264B19C91278005E3125 /* Resources */ = {
			isa = PBXResourcesBuildPhase;
			buildActionMask = 2147483647;
			files = (
				3215265819C91278005E3125 /* Main.storyboard in Resources */,
				3215265A19C91278005E3125 /* Images.xcassets in Resources */,
			);
			runOnlyForDeploymentPostprocessing = 0;
		};
		3215265D19C91278005E3125 /* Resources */ = {
			isa = PBXResourcesBuildPhase;
			buildActionMask = 2147483647;
			files = (
			);
			runOnlyForDeploymentPostprocessing = 0;
		};
/* End PBXResourcesBuildPhase section */

/* Begin PBXSourcesBuildPhase section */
		3215264919C91278005E3125 /* Sources */ = {
			isa = PBXSourcesBuildPhase;
			buildActionMask = 2147483647;
			files = (
				3240D10519CFD40D00134DF1 /* RescheduleViewController.swift in Sources */,
				3215265519C91278005E3125 /* ViewController.swift in Sources */,
				3215265319C91278005E3125 /* AppDelegate.swift in Sources */,
				3240D10719CFE38600134DF1 /* ListViewController.swift in Sources */,
				3240D10319CF624D00134DF1 /* MailboxViewController.swift in Sources */,
			);
			runOnlyForDeploymentPostprocessing = 0;
		};
		3215265B19C91278005E3125 /* Sources */ = {
			isa = PBXSourcesBuildPhase;
			buildActionMask = 2147483647;
			files = (
				3215266619C91278005E3125 /* MailboxTests.swift in Sources */,
			);
			runOnlyForDeploymentPostprocessing = 0;
		};
/* End PBXSourcesBuildPhase section */

/* Begin PBXTargetDependency section */
		3215266119C91278005E3125 /* PBXTargetDependency */ = {
			isa = PBXTargetDependency;
			target = 3215264C19C91278005E3125 /* Mailbox */;
			targetProxy = 3215266019C91278005E3125 /* PBXContainerItemProxy */;
		};
/* End PBXTargetDependency section */

/* Begin PBXVariantGroup section */
		3215265619C91278005E3125 /* Main.storyboard */ = {
			isa = PBXVariantGroup;
			children = (
				3215265719C91278005E3125 /* Base */,
			);
			name = Main.storyboard;
			sourceTree = "<group>";
		};
/* End PBXVariantGroup section */

/* Begin XCBuildConfiguration section */
		3215266719C91278005E3125 /* Debug */ = {
			isa = XCBuildConfiguration;
			buildSettings = {
				ALWAYS_SEARCH_USER_PATHS = NO;
				CLANG_CXX_LANGUAGE_STANDARD = "gnu++0x";
				CLANG_CXX_LIBRARY = "libc++";
				CLANG_ENABLE_MODULES = YES;
				CLANG_ENABLE_OBJC_ARC = YES;
				CLANG_WARN_BOOL_CONVERSION = YES;
				CLANG_WARN_CONSTANT_CONVERSION = YES;
				CLANG_WARN_DIRECT_OBJC_ISA_USAGE = YES_ERROR;
				CLANG_WARN_EMPTY_BODY = YES;
				CLANG_WARN_ENUM_CONVERSION = YES;
				CLANG_WARN_INT_CONVERSION = YES;
				CLANG_WARN_OBJC_ROOT_CLASS = YES_ERROR;
				CLANG_WARN_UNREACHABLE_CODE = YES;
				CLANG_WARN__DUPLICATE_METHOD_MATCH = YES;
				"CODE_SIGN_IDENTITY[sdk=iphoneos*]" = "iPhone Developer";
				COPY_PHASE_STRIP = NO;
				ENABLE_STRICT_OBJC_MSGSEND = YES;
				GCC_C_LANGUAGE_STANDARD = gnu99;
				GCC_DYNAMIC_NO_PIC = NO;
				GCC_OPTIMIZATION_LEVEL = 0;
				GCC_PREPROCESSOR_DEFINITIONS = (
					"DEBUG=1",
					"$(inherited)",
				);
				GCC_SYMBOLS_PRIVATE_EXTERN = NO;
				GCC_WARN_64_TO_32_BIT_CONVERSION = YES;
				GCC_WARN_ABOUT_RETURN_TYPE = YES_ERROR;
				GCC_WARN_UNDECLARED_SELECTOR = YES;
				GCC_WARN_UNINITIALIZED_AUTOS = YES_AGGRESSIVE;
				GCC_WARN_UNUSED_FUNCTION = YES;
				GCC_WARN_UNUSED_VARIABLE = YES;
				IPHONEOS_DEPLOYMENT_TARGET = 8.0;
				MTL_ENABLE_DEBUG_INFO = YES;
				ONLY_ACTIVE_ARCH = YES;
				SDKROOT = iphoneos;
				SWIFT_OPTIMIZATION_LEVEL = "-Onone";
				TARGETED_DEVICE_FAMILY = "1,2";
			};
			name = Debug;
		};
		3215266819C91278005E3125 /* Release */ = {
			isa = XCBuildConfiguration;
			buildSettings = {
				ALWAYS_SEARCH_USER_PATHS = NO;
				CLANG_CXX_LANGUAGE_STANDARD = "gnu++0x";
				CLANG_CXX_LIBRARY = "libc++";
				CLANG_ENABLE_MODULES = YES;
				CLANG_ENABLE_OBJC_ARC = YES;
				CLANG_WARN_BOOL_CONVERSION = YES;
				CLANG_WARN_CONSTANT_CONVERSION = YES;
				CLANG_WARN_DIRECT_OBJC_ISA_USAGE = YES_ERROR;
				CLANG_WARN_EMPTY_BODY = YES;
				CLANG_WARN_ENUM_CONVERSION = YES;
				CLANG_WARN_INT_CONVERSION = YES;
				CLANG_WARN_OBJC_ROOT_CLASS = YES_ERROR;
				CLANG_WARN_UNREACHABLE_CODE = YES;
				CLANG_WARN__DUPLICATE_METHOD_MATCH = YES;
				"CODE_SIGN_IDENTITY[sdk=iphoneos*]" = "iPhone Developer";
				COPY_PHASE_STRIP = YES;
				ENABLE_NS_ASSERTIONS = NO;
				ENABLE_STRICT_OBJC_MSGSEND = YES;
				GCC_C_LANGUAGE_STANDARD = gnu99;
				GCC_WARN_64_TO_32_BIT_CONVERSION = YES;
				GCC_WARN_ABOUT_RETURN_TYPE = YES_ERROR;
				GCC_WARN_UNDECLARED_SELECTOR = YES;
				GCC_WARN_UNINITIALIZED_AUTOS = YES_AGGRESSIVE;
				GCC_WARN_UNUSED_FUNCTION = YES;
				GCC_WARN_UNUSED_VARIABLE = YES;
				IPHONEOS_DEPLOYMENT_TARGET = 8.0;
				MTL_ENABLE_DEBUG_INFO = NO;
				SDKROOT = iphoneos;
				TARGETED_DEVICE_FAMILY = "1,2";
				VALIDATE_PRODUCT = YES;
			};
			name = Release;
		};
		3215266A19C91278005E3125 /* Debug */ = {
			isa = XCBuildConfiguration;
			buildSettings = {
				ASSETCATALOG_COMPILER_APPICON_NAME = AppIcon;
				ASSETCATALOG_COMPILER_LAUNCHIMAGE_NAME = LaunchImage;
				INFOPLIST_FILE = Mailbox/Info.plist;
				LD_RUNPATH_SEARCH_PATHS = "$(inherited) @executable_path/Frameworks";
				PRODUCT_NAME = "$(TARGET_NAME)";
			};
			name = Debug;
		};
		3215266B19C91278005E3125 /* Release */ = {
			isa = XCBuildConfiguration;
			buildSettings = {
				ASSETCATALOG_COMPILER_APPICON_NAME = AppIcon;
				ASSETCATALOG_COMPILER_LAUNCHIMAGE_NAME = LaunchImage;
				INFOPLIST_FILE = Mailbox/Info.plist;
				LD_RUNPATH_SEARCH_PATHS = "$(inherited) @executable_path/Frameworks";
				PRODUCT_NAME = "$(TARGET_NAME)";
			};
			name = Release;
		};
		3215266D19C91278005E3125 /* Debug */ = {
			isa = XCBuildConfiguration;
			buildSettings = {
				BUNDLE_LOADER = "$(TEST_HOST)";
				FRAMEWORK_SEARCH_PATHS = (
					"$(SDKROOT)/Developer/Library/Frameworks",
					"$(inherited)",
				);
				GCC_PREPROCESSOR_DEFINITIONS = (
					"DEBUG=1",
					"$(inherited)",
				);
				INFOPLIST_FILE = MailboxTests/Info.plist;
				LD_RUNPATH_SEARCH_PATHS = "$(inherited) @executable_path/Frameworks @loader_path/Frameworks";
				PRODUCT_NAME = "$(TARGET_NAME)";
				TEST_HOST = "$(BUILT_PRODUCTS_DIR)/Mailbox.app/Mailbox";
			};
			name = Debug;
		};
		3215266E19C91278005E3125 /* Release */ = {
			isa = XCBuildConfiguration;
			buildSettings = {
				BUNDLE_LOADER = "$(TEST_HOST)";
				FRAMEWORK_SEARCH_PATHS = (
					"$(SDKROOT)/Developer/Library/Frameworks",
					"$(inherited)",
				);
				INFOPLIST_FILE = MailboxTests/Info.plist;
				LD_RUNPATH_SEARCH_PATHS = "$(inherited) @executable_path/Frameworks @loader_path/Frameworks";
				PRODUCT_NAME = "$(TARGET_NAME)";
				TEST_HOST = "$(BUILT_PRODUCTS_DIR)/Mailbox.app/Mailbox";
			};
			name = Release;
		};
/* End XCBuildConfiguration section */

/* Begin XCConfigurationList section */
		3215264819C91278005E3125 /* Build configuration list for PBXProject "Mailbox" */ = {
			isa = XCConfigurationList;
			buildConfigurations = (
				3215266719C91278005E3125 /* Debug */,
				3215266819C91278005E3125 /* Release */,
			);
			defaultConfigurationIsVisible = 0;
			defaultConfigurationName = Release;
		};
		3215266919C91278005E3125 /* Build configuration list for PBXNativeTarget "Mailbox" */ = {
			isa = XCConfigurationList;
			buildConfigurations = (
				3215266A19C91278005E3125 /* Debug */,
				3215266B19C91278005E3125 /* Release */,
			);
			defaultConfigurationIsVisible = 0;
			defaultConfigurationName = Release;
		};
		3215266C19C91278005E3125 /* Build configuration list for PBXNativeTarget "MailboxTests" */ = {
			isa = XCConfigurationList;
			buildConfigurations = (
				3215266D19C91278005E3125 /* Debug */,
				3215266E19C91278005E3125 /* Release */,
			);
			defaultConfigurationIsVisible = 0;
			defaultConfigurationName = Release;
		};
/* End XCConfigurationList section */
	};
	rootObject = 3215264519C91278005E3125 /* Project object */;
}
